
Microsoft Visual Studio Solution File, Format Version 12.00
# Visual Studio Version 17
VisualStudioVersion = 17.3.32901.215
MinimumVisualStudioVersion = 10.0.40219.1
Project("{FAE04EC0-301F-11D3-BF4B-00C04F79EFBC}") = "DuplicateFileFinder", "DuplicateFileFinder\DuplicateFileFinder.csproj", "{B0301823-4CCF-4DB3-92D0-6E011450BDA2}"
EndProject
Global
	GlobalSection(SolutionConfigurationPlatforms) = preSolution
		Debug|Any CPU = Debug|Any CPU
		Release|Any CPU = Release|Any CPU
	EndGlobalSection
	GlobalSection(ProjectConfigurationPlatforms) = postSolution
		{B0301823-4CCF-4DB3-92D0-6E011450BDA2}.Debug|Any CPU.ActiveCfg = Debug|Any CPU
		{B0301823-4CCF-4DB3-92D0-6E011450BDA2}.Debug|Any CPU.Build.0 = Debug|Any CPU
		{B0301823-4CCF-4DB3-92D0-6E011450BDA2}.Release|Any CPU.ActiveCfg = Release|Any CPU
		{B0301823-4CCF-4DB3-92D0-6E011450BDA2}.Release|Any CPU.Build.0 = Release|Any CPU
	EndGlobalSection
	GlobalSection(SolutionProperties) = preSolution
		HideSolutionNode = FALSE
	EndGlobalSection
	GlobalSection(ExtensibilityGlobals) = postSolution
		SolutionGuid = {E59B93E1-1C73-46BA-B31E-046526090223}
	EndGlobalSection
EndGlobal
